
Microsoft Visual Studio Solution File, Format Version 11.00
# Visual Studio 2010
Project("{8BC9CEB8-8B4A-11D0-8D11-00A0C91BC942}") = "Tracker", "Tracker.vcxproj", "{65E0DFAA-D773-469E-A709-CC8CF4AC2A1B}"
EndProject
Project("{8BC9CEB8-8B4A-11D0-8D11-00A0C91BC942}") = "FacialAction", "FacialAction.vcxproj", "{BD215D19-4597-46AA-AFB7-ECE354DC4515}"
EndProject
Global
	GlobalSection(SolutionConfigurationPlatforms) = preSolution
		Debug|Win32 = Debug|Win32
		Debug|x64 = Debug|x64
		Release|Win32 = Release|Win32
		Release|x64 = Release|x64
	EndGlobalSection
	GlobalSection(ProjectConfigurationPlatforms) = postSolution
		{65E0DFAA-D773-469E-A709-CC8CF4AC2A1B}.Debug|Win32.ActiveCfg = Debug|Win32
		{65E0DFAA-D773-469E-A709-CC8CF4AC2A1B}.Debug|Win32.Build.0 = Debug|Win32
		{65E0DFAA-D773-469E-A709-CC8CF4AC2A1B}.Debug|x64.ActiveCfg = Debug|Win32
		{65E0DFAA-D773-469E-A709-CC8CF4AC2A1B}.Release|Win32.ActiveCfg = Release|Win32
		{65E0DFAA-D773-469E-A709-CC8CF4AC2A1B}.Release|Win32.Build.0 = Release|Win32
		{65E0DFAA-D773-469E-A709-CC8CF4AC2A1B}.Release|x64.ActiveCfg = Release|Win32
		{BD215D19-4597-46AA-AFB7-ECE354DC4515}.Debug|Win32.ActiveCfg = Debug|Win32
		{BD215D19-4597-46AA-AFB7-ECE354DC4515}.Debug|Win32.Build.0 = Debug|Win32
		{BD215D19-4597-46AA-AFB7-ECE354DC4515}.Debug|x64.ActiveCfg = Debug|x64
		{BD215D19-4597-46AA-AFB7-ECE354DC4515}.Debug|x64.Build.0 = Debug|x64
		{BD215D19-4597-46AA-AFB7-ECE354DC4515}.Release|Win32.ActiveCfg = Release|Win32
		{BD215D19-4597-46AA-AFB7-ECE354DC4515}.Release|Win32.Build.0 = Release|Win32
		{BD215D19-4597-46AA-AFB7-ECE354DC4515}.Release|x64.ActiveCfg = Release|x64
		{BD215D19-4597-46AA-AFB7-ECE354DC4515}.Release|x64.Build.0 = Release|x64
	EndGlobalSection
	GlobalSection(SolutionProperties) = preSolution
		HideSolutionNode = FALSE
	EndGlobalSection
EndGlobal
