<?xml version="1.0" encoding="utf-8"?>
<Project ToolsVersion="4.0" xmlns="http://schemas.microsoft.com/developer/msbuild/2003">
  <ItemGroup>
    <ClCompile Include="..\src\lib\CLM.cc">
      <Filter>Source Files</Filter>
    </ClCompile>
    <ClCompile Include="..\src\lib\FCheck.cc">
      <Filter>Source Files</Filter>
    </ClCompile>
    <ClCompile Include="..\src\lib\FDet.cc">
      <Filter>Source Files</Filter>
    </ClCompile>
    <ClCompile Include="..\src\lib\IO.cc">
      <Filter>Source Files</Filter>
    </ClCompile>
    <ClCompile Include="..\src\lib\Patch.cc">
      <Filter>Source Files</Filter>
    </ClCompile>
    <ClCompile Include="..\src\lib\PAW.cc">
      <Filter>Source Files</Filter>
    </ClCompile>
    <ClCompile Include="..\src\lib\PDM.cc">
      <Filter>Source Files</Filter>
    </ClCompile>
    <ClCompile Include="..\src\lib\Tracker.cc">
      <Filter>Source Files</Filter>
    </ClCompile>
  </ItemGroup>
  <ItemGroup>
    <Filter Include="Header Files">
      <UniqueIdentifier>{33faabbf-d688-4c80-bc99-88bf688adfe4}</UniqueIdentifier>
    </Filter>
    <Filter Include="Source Files">
      <UniqueIdentifier>{c94d00e9-c256-4d1b-a962-b0670c9158b2}</UniqueIdentifier>
    </Filter>
  </ItemGroup>
  <ItemGroup>
    <ClInclude Include="..\include\FaceTracker\CLM.h">
      <Filter>Header Files</Filter>
    </ClInclude>
    <ClInclude Include="..\include\FaceTracker\FCheck.h">
      <Filter>Header Files</Filter>
    </ClInclude>
    <ClInclude Include="..\include\FaceTracker\FDet.h">
      <Filter>Header Files</Filter>
    </ClInclude>
    <ClInclude Include="..\include\FaceTracker\IO.h">
      <Filter>Header Files</Filter>
    </ClInclude>
    <ClInclude Include="..\include\FaceTracker\Patch.h">
      <Filter>Header Files</Filter>
    </ClInclude>
    <ClInclude Include="..\include\FaceTracker\PAW.h">
      <Filter>Header Files</Filter>
    </ClInclude>
    <ClInclude Include="..\include\FaceTracker\PDM.h">
      <Filter>Header Files</Filter>
    </ClInclude>
    <ClInclude Include="..\include\FaceTracker\Tracker.h">
      <Filter>Header Files</Filter>
    </ClInclude>
  </ItemGroup>
</Project>